
Microsoft Visual Studio Solution File, Format Version 12.00
# Visual Studio Version 17
VisualStudioVersion = 17.14.36121.58
MinimumVisualStudioVersion = 10.0.40219.1
Project("{FAE04EC0-301F-11D3-BF4B-00C04F79EFBC}") = "DENTISTA360-BACKEND", "DENTISTA360-BACKEND\DENTISTA360-BACKEND.csproj", "{D6E77BF8-25DB-4668-B589-6C20C0DEB7AB}"
EndProject
Project("{FAE04EC0-301F-11D3-BF4B-00C04F79EFBC}") = "Application", "Application\Application.csproj", "{ED5F393A-9CFC-45ED-89FD-FFE934F3D4C8}"
EndProject
Project("{FAE04EC0-301F-11D3-BF4B-00C04F79EFBC}") = "Infrastructure", "Infrastructure\Infrastructure.csproj", "{1624817F-879E-4A2F-8608-71438DE894BF}"
EndProject
Project("{FAE04EC0-301F-11D3-BF4B-00C04F79EFBC}") = "Domain", "Domain\Domain.csproj", "{79331037-7F5D-4600-BBF5-78DEE331D43F}"
EndProject
Global
	GlobalSection(SolutionConfigurationPlatforms) = preSolution
		Debug|Any CPU = Debug|Any CPU
		Release|Any CPU = Release|Any CPU
	EndGlobalSection
	GlobalSection(ProjectConfigurationPlatforms) = postSolution
		{D6E77BF8-25DB-4668-B589-6C20C0DEB7AB}.Debug|Any CPU.ActiveCfg = Debug|Any CPU
		{D6E77BF8-25DB-4668-B589-6C20C0DEB7AB}.Debug|Any CPU.Build.0 = Debug|Any CPU
		{D6E77BF8-25DB-4668-B589-6C20C0DEB7AB}.Release|Any CPU.ActiveCfg = Release|Any CPU
		{D6E77BF8-25DB-4668-B589-6C20C0DEB7AB}.Release|Any CPU.Build.0 = Release|Any CPU
		{ED5F393A-9CFC-45ED-89FD-FFE934F3D4C8}.Debug|Any CPU.ActiveCfg = Debug|Any CPU
		{ED5F393A-9CFC-45ED-89FD-FFE934F3D4C8}.Debug|Any CPU.Build.0 = Debug|Any CPU
		{ED5F393A-9CFC-45ED-89FD-FFE934F3D4C8}.Release|Any CPU.ActiveCfg = Release|Any CPU
		{ED5F393A-9CFC-45ED-89FD-FFE934F3D4C8}.Release|Any CPU.Build.0 = Release|Any CPU
		{1624817F-879E-4A2F-8608-71438DE894BF}.Debug|Any CPU.ActiveCfg = Debug|Any CPU
		{1624817F-879E-4A2F-8608-71438DE894BF}.Debug|Any CPU.Build.0 = Debug|Any CPU
		{1624817F-879E-4A2F-8608-71438DE894BF}.Release|Any CPU.ActiveCfg = Release|Any CPU
		{1624817F-879E-4A2F-8608-71438DE894BF}.Release|Any CPU.Build.0 = Release|Any CPU
		{79331037-7F5D-4600-BBF5-78DEE331D43F}.Debug|Any CPU.ActiveCfg = Debug|Any CPU
		{79331037-7F5D-4600-BBF5-78DEE331D43F}.Debug|Any CPU.Build.0 = Debug|Any CPU
		{79331037-7F5D-4600-BBF5-78DEE331D43F}.Release|Any CPU.ActiveCfg = Release|Any CPU
		{79331037-7F5D-4600-BBF5-78DEE331D43F}.Release|Any CPU.Build.0 = Release|Any CPU
	EndGlobalSection
	GlobalSection(SolutionProperties) = preSolution
		HideSolutionNode = FALSE
	EndGlobalSection
	GlobalSection(ExtensibilityGlobals) = postSolution
		SolutionGuid = {FA63BC94-C27C-48C5-A745-DE65C4DA3A6B}
	EndGlobalSection
EndGlobal
